
Microsoft Visual Studio Solution File, Format Version 12.00
# Visual Studio Version 17
VisualStudioVersion = 17.12.35506.116
MinimumVisualStudioVersion = 10.0.40219.1
Project("{FAE04EC0-301F-11D3-BF4B-00C04F79EFBC}") = "ECommerce.Web", "ECommerce.Web\ECommerce.Web.csproj", "{8F6FCF0B-F4D6-4678-ABFD-1EA193902B95}"
EndProject
Project("{FAE04EC0-301F-11D3-BF4B-00C04F79EFBC}") = "ECommerce.Data", "ECommerce.Data\ECommerce.Data.csproj", "{B2620D26-0B95-490F-B4D7-B8EA0F879E9C}"
EndProject
Project("{FAE04EC0-301F-11D3-BF4B-00C04F79EFBC}") = "ECommerce.Common", "ECommerce.Common\ECommerce.Common.csproj", "{3DB5F478-6F77-453A-8EAC-1BCDEC6BC536}"
EndProject
Project("{FAE04EC0-301F-11D3-BF4B-00C04F79EFBC}") = "ECommerce.Api", "ECommerce.Api\ECommerce.Api.csproj", "{3C090A55-B327-4C31-8011-166F83C43BBD}"
EndProject
Project("{FAE04EC0-301F-11D3-BF4B-00C04F79EFBC}") = "ECommerce.DTOs", "ECommerce.DTOs\ECommerce.DTOs.csproj", "{B67C89AF-78A1-45BF-8BDA-B865D06F5079}"
EndProject
Project("{FAE04EC0-301F-11D3-BF4B-00C04F79EFBC}") = "ECommerce.Business", "ECommerce.Business\ECommerce.Business.csproj", "{C9B6BC63-7F8E-4923-BFC6-5E581A00ABE6}"
EndProject
Global
	GlobalSection(SolutionConfigurationPlatforms) = preSolution
		Debug|Any CPU = Debug|Any CPU
		Release|Any CPU = Release|Any CPU
	EndGlobalSection
	GlobalSection(ProjectConfigurationPlatforms) = postSolution
		{8F6FCF0B-F4D6-4678-ABFD-1EA193902B95}.Debug|Any CPU.ActiveCfg = Debug|Any CPU
		{8F6FCF0B-F4D6-4678-ABFD-1EA193902B95}.Debug|Any CPU.Build.0 = Debug|Any CPU
		{8F6FCF0B-F4D6-4678-ABFD-1EA193902B95}.Release|Any CPU.ActiveCfg = Release|Any CPU
		{8F6FCF0B-F4D6-4678-ABFD-1EA193902B95}.Release|Any CPU.Build.0 = Release|Any CPU
		{B2620D26-0B95-490F-B4D7-B8EA0F879E9C}.Debug|Any CPU.ActiveCfg = Debug|Any CPU
		{B2620D26-0B95-490F-B4D7-B8EA0F879E9C}.Debug|Any CPU.Build.0 = Debug|Any CPU
		{B2620D26-0B95-490F-B4D7-B8EA0F879E9C}.Release|Any CPU.ActiveCfg = Release|Any CPU
		{B2620D26-0B95-490F-B4D7-B8EA0F879E9C}.Release|Any CPU.Build.0 = Release|Any CPU
		{3DB5F478-6F77-453A-8EAC-1BCDEC6BC536}.Debug|Any CPU.ActiveCfg = Debug|Any CPU
		{3DB5F478-6F77-453A-8EAC-1BCDEC6BC536}.Debug|Any CPU.Build.0 = Debug|Any CPU
		{3DB5F478-6F77-453A-8EAC-1BCDEC6BC536}.Release|Any CPU.ActiveCfg = Release|Any CPU
		{3DB5F478-6F77-453A-8EAC-1BCDEC6BC536}.Release|Any CPU.Build.0 = Release|Any CPU
		{3C090A55-B327-4C31-8011-166F83C43BBD}.Debug|Any CPU.ActiveCfg = Debug|Any CPU
		{3C090A55-B327-4C31-8011-166F83C43BBD}.Debug|Any CPU.Build.0 = Debug|Any CPU
		{3C090A55-B327-4C31-8011-166F83C43BBD}.Release|Any CPU.ActiveCfg = Release|Any CPU
		{3C090A55-B327-4C31-8011-166F83C43BBD}.Release|Any CPU.Build.0 = Release|Any CPU
		{B67C89AF-78A1-45BF-8BDA-B865D06F5079}.Debug|Any CPU.ActiveCfg = Debug|Any CPU
		{B67C89AF-78A1-45BF-8BDA-B865D06F5079}.Debug|Any CPU.Build.0 = Debug|Any CPU
		{B67C89AF-78A1-45BF-8BDA-B865D06F5079}.Release|Any CPU.ActiveCfg = Release|Any CPU
		{B67C89AF-78A1-45BF-8BDA-B865D06F5079}.Release|Any CPU.Build.0 = Release|Any CPU
		{C9B6BC63-7F8E-4923-BFC6-5E581A00ABE6}.Debug|Any CPU.ActiveCfg = Debug|Any CPU
		{C9B6BC63-7F8E-4923-BFC6-5E581A00ABE6}.Debug|Any CPU.Build.0 = Debug|Any CPU
		{C9B6BC63-7F8E-4923-BFC6-5E581A00ABE6}.Release|Any CPU.ActiveCfg = Release|Any CPU
		{C9B6BC63-7F8E-4923-BFC6-5E581A00ABE6}.Release|Any CPU.Build.0 = Release|Any CPU
	EndGlobalSection
	GlobalSection(SolutionProperties) = preSolution
		HideSolutionNode = FALSE
	EndGlobalSection
EndGlobal
